
Microsoft Visual Studio Solution File, Format Version 12.00
# Visual Studio Version 17
VisualStudioVersion = 17.5.002.0
MinimumVisualStudioVersion = 10.0.40219.1
Project("{9A19103F-16F7-4668-BE54-9A1E7A4F7556}") = "csharp_comm", "csharp_comm\csharp_comm.csproj", "{FB85AAA5-54AA-435C-BBBD-BA8CCF3D0200}"
EndProject
Global
	GlobalSection(SolutionConfigurationPlatforms) = preSolution
		Debug|Any CPU = Debug|Any CPU
		Release|Any CPU = Release|Any CPU
	EndGlobalSection
	GlobalSection(ProjectConfigurationPlatforms) = postSolution
		{FB85AAA5-54AA-435C-BBBD-BA8CCF3D0200}.Debug|Any CPU.ActiveCfg = Debug|Any CPU
		{FB85AAA5-54AA-435C-BBBD-BA8CCF3D0200}.Debug|Any CPU.Build.0 = Debug|Any CPU
		{FB85AAA5-54AA-435C-BBBD-BA8CCF3D0200}.Release|Any CPU.ActiveCfg = Release|Any CPU
		{FB85AAA5-54AA-435C-BBBD-BA8CCF3D0200}.Release|Any CPU.Build.0 = Release|Any CPU
	EndGlobalSection
	GlobalSection(SolutionProperties) = preSolution
		HideSolutionNode = FALSE
	EndGlobalSection
	GlobalSection(ExtensibilityGlobals) = postSolution
		SolutionGuid = {F9807A0B-855A-440B-895E-E5672A287FB8}
	EndGlobalSection
EndGlobal
